
Microsoft Visual Studio Solution File, Format Version 12.00
# Visual Studio Version 17
VisualStudioVersion = 17.14.36429.23 d17.14
MinimumVisualStudioVersion = 10.0.40219.1
Project("{FAE04EC0-301F-11D3-BF4B-00C04F79EFBC}") = "PhotoAlbum", "PhotoAlbum\PhotoAlbum.csproj", "{F66F690D-F98F-40B6-81CC-8AF610A668FD}"
EndProject
Global
	GlobalSection(SolutionConfigurationPlatforms) = preSolution
		Debug|Any CPU = Debug|Any CPU
		Release|Any CPU = Release|Any CPU
	EndGlobalSection
	GlobalSection(ProjectConfigurationPlatforms) = postSolution
		{F66F690D-F98F-40B6-81CC-8AF610A668FD}.Debug|Any CPU.ActiveCfg = Debug|Any CPU
		{F66F690D-F98F-40B6-81CC-8AF610A668FD}.Debug|Any CPU.Build.0 = Debug|Any CPU
		{F66F690D-F98F-40B6-81CC-8AF610A668FD}.Release|Any CPU.ActiveCfg = Release|Any CPU
		{F66F690D-F98F-40B6-81CC-8AF610A668FD}.Release|Any CPU.Build.0 = Release|Any CPU
	EndGlobalSection
	GlobalSection(SolutionProperties) = preSolution
		HideSolutionNode = FALSE
	EndGlobalSection
	GlobalSection(ExtensibilityGlobals) = postSolution
		SolutionGuid = {98E7E2BA-9646-4A10-9DB3-DA9329C0A29C}
	EndGlobalSection
EndGlobal
